// !$*UTF8*$!
{
	archiveVersion = 1;
	classes = {
	};
	objectVersion = 46;
	objects = {

/* Begin PBXBuildFile section */
		CE1E9E2414F0C1CC00AEF007 /* UIKit.framework in Frameworks */ = {isa = PBXBuildFile; fileRef = CE1E9E2314F0C1CC00AEF007 /* UIKit.framework */; };
		CE1E9E2614F0C1CC00AEF007 /* Foundation.framework in Frameworks */ = {isa = PBXBuildFile; fileRef = CE1E9E2514F0C1CC00AEF007 /* Foundation.framework */; };
		CE1E9E2814F0C1CC00AEF007 /* CoreGraphics.framework in Frameworks */ = {isa = PBXBuildFile; fileRef = CE1E9E2714F0C1CC00AEF007 /* CoreGraphics.framework */; };
		CE1E9E2E14F0C1CC00AEF007 /* InfoPlist.strings in Resources */ = {isa = PBXBuildFile; fileRef = CE1E9E2C14F0C1CC00AEF007 /* InfoPlist.strings */; };
		CE1E9E3014F0C1CC00AEF007 /* main.m in Sources */ = {isa = PBXBuildFile; fileRef = CE1E9E2F14F0C1CC00AEF007 /* main.m */; };
		CE1E9E5114F0C20F00AEF007 /* AppDelegate.m in Sources */ = {isa = PBXBuildFile; fileRef = CE1E9E4114F0C20F00AEF007 /* AppDelegate.m */; };
		CE1E9E5314F0C20F00AEF007 /* CustomTableCell.m in Sources */ = {isa = PBXBuildFile; fileRef = CE1E9E4414F0C20F00AEF007 /* CustomTableCell.m */; };
		CE1E9E5514F0C20F00AEF007 /* file.png in Resources */ = {isa = PBXBuildFile; fileRef = CE1E9E4614F0C20F00AEF007 /* file.png */; };
		CE1E9E5614F0C20F00AEF007 /* files.png in Resources */ = {isa = PBXBuildFile; fileRef = CE1E9E4714F0C20F00AEF007 /* files.png */; };
		CE1E9E5714F0C20F00AEF007 /* folder.png in Resources */ = {isa = PBXBuildFile; fileRef = CE1E9E4814F0C20F00AEF007 /* folder.png */; };
		CE1E9E5814F0C20F00AEF007 /* logs.png in Resources */ = {isa = PBXBuildFile; fileRef = CE1E9E4914F0C20F00AEF007 /* logs.png */; };
		CE1E9E5914F0C20F00AEF007 /* ViewController.m in Sources */ = {isa = PBXBuildFile; fileRef = CE1E9E4B14F0C20F00AEF007 /* ViewController.m */; };
		CE1E9E5A14F0C20F00AEF007 /* XFilePathHeader_icon.png in Resources */ = {isa = PBXBuildFile; fileRef = CE1E9E4C14F0C20F00AEF007 /* XFilePathHeader_icon.png */; };
		CE1E9E5B14F0C20F00AEF007 /* XFilePathHeader.m in Sources */ = {isa = PBXBuildFile; fileRef = CE1E9E4E14F0C20F00AEF007 /* XFilePathHeader.m */; };
		CE1E9E5C14F0C20F00AEF007 /* XSegmentedControl.m in Sources */ = {isa = PBXBuildFile; fileRef = CE1E9E5014F0C20F00AEF007 /* XSegmentedControl.m */; };
		CE1E9E6614F0C2DF00AEF007 /* InfoPlist.strings in Resources */ = {isa = PBXBuildFile; fileRef = CE1E9E6214F0C2DF00AEF007 /* InfoPlist.strings */; };
		CE1E9E6714F0C2DF00AEF007 /* ViewController.xib in Resources */ = {isa = PBXBuildFile; fileRef = CE1E9E6414F0C2DF00AEF007 /* ViewController.xib */; };
		CE1E9F0314F0C31600AEF007 /* test_data in Resources */ = {isa = PBXBuildFile; fileRef = CE1E9F0214F0C31600AEF007 /* test_data */; };
		CE1E9F0614F0C62B00AEF007 /* XProgressTextField.m in Sources */ = {isa = PBXBuildFile; fileRef = CE1E9F0514F0C62B00AEF007 /* XProgressTextField.m */; };
/* End PBXBuildFile section */

/* Begin PBXFileReference section */
		CE1E9E1F14F0C1CC00AEF007 /* ios-controls.app */ = {isa = PBXFileReference; explicitFileType = wrapper.application; includeInIndex = 0; path = "ios-controls.app"; sourceTree = BUILT_PRODUCTS_DIR; };
		CE1E9E2314F0C1CC00AEF007 /* UIKit.framework */ = {isa = PBXFileReference; lastKnownFileType = wrapper.framework; name = UIKit.framework; path = System/Library/Frameworks/UIKit.framework; sourceTree = SDKROOT; };
		CE1E9E2514F0C1CC00AEF007 /* Foundation.framework */ = {isa = PBXFileReference; lastKnownFileType = wrapper.framework; name = Foundation.framework; path = System/Library/Frameworks/Foundation.framework; sourceTree = SDKROOT; };
		CE1E9E2714F0C1CC00AEF007 /* CoreGraphics.framework */ = {isa = PBXFileReference; lastKnownFileType = wrapper.framework; name = CoreGraphics.framework; path = System/Library/Frameworks/CoreGraphics.framework; sourceTree = SDKROOT; };
		CE1E9E2B14F0C1CC00AEF007 /* ios-controls-Info.plist */ = {isa = PBXFileReference; lastKnownFileType = text.plist.xml; path = "ios-controls-Info.plist"; sourceTree = "<group>"; };
		CE1E9E2D14F0C1CC00AEF007 /* en */ = {isa = PBXFileReference; lastKnownFileType = text.plist.strings; name = en; path = en.lproj/InfoPlist.strings; sourceTree = "<group>"; };
		CE1E9E2F14F0C1CC00AEF007 /* main.m */ = {isa = PBXFileReference; lastKnownFileType = sourcecode.c.objc; path = main.m; sourceTree = "<group>"; };
		CE1E9E3114F0C1CC00AEF007 /* ios-controls-Prefix.pch */ = {isa = PBXFileReference; lastKnownFileType = sourcecode.c.h; path = "ios-controls-Prefix.pch"; sourceTree = "<group>"; };
		CE1E9E4014F0C20F00AEF007 /* AppDelegate.h */ = {isa = PBXFileReference; fileEncoding = 4; lastKnownFileType = sourcecode.c.h; path = AppDelegate.h; sourceTree = "<group>"; };
		CE1E9E4114F0C20F00AEF007 /* AppDelegate.m */ = {isa = PBXFileReference; fileEncoding = 4; lastKnownFileType = sourcecode.c.objc; path = AppDelegate.m; sourceTree = "<group>"; };
		CE1E9E4314F0C20F00AEF007 /* CustomTableCell.h */ = {isa = PBXFileReference; fileEncoding = 4; lastKnownFileType = sourcecode.c.h; path = CustomTableCell.h; sourceTree = "<group>"; };
		CE1E9E4414F0C20F00AEF007 /* CustomTableCell.m */ = {isa = PBXFileReference; fileEncoding = 4; lastKnownFileType = sourcecode.c.objc; path = CustomTableCell.m; sourceTree = "<group>"; };
		CE1E9E4614F0C20F00AEF007 /* file.png */ = {isa = PBXFileReference; lastKnownFileType = image.png; path = file.png; sourceTree = "<group>"; };
		CE1E9E4714F0C20F00AEF007 /* files.png */ = {isa = PBXFileReference; lastKnownFileType = image.png; path = files.png; sourceTree = "<group>"; };
		CE1E9E4814F0C20F00AEF007 /* folder.png */ = {isa = PBXFileReference; lastKnownFileType = image.png; path = folder.png; sourceTree = "<group>"; };
		CE1E9E4914F0C20F00AEF007 /* logs.png */ = {isa = PBXFileReference; lastKnownFileType = image.png; path = logs.png; sourceTree = "<group>"; };
		CE1E9E4A14F0C20F00AEF007 /* ViewController.h */ = {isa = PBXFileReference; fileEncoding = 4; lastKnownFileType = sourcecode.c.h; path = ViewController.h; sourceTree = "<group>"; };
		CE1E9E4B14F0C20F00AEF007 /* ViewController.m */ = {isa = PBXFileReference; fileEncoding = 4; lastKnownFileType = sourcecode.c.objc; path = ViewController.m; sourceTree = "<group>"; };
		CE1E9E4C14F0C20F00AEF007 /* XFilePathHeader_icon.png */ = {isa = PBXFileReference; lastKnownFileType = image.png; path = XFilePathHeader_icon.png; sourceTree = "<group>"; };
		CE1E9E4D14F0C20F00AEF007 /* XFilePathHeader.h */ = {isa = PBXFileReference; fileEncoding = 4; lastKnownFileType = sourcecode.c.h; path = XFilePathHeader.h; sourceTree = "<group>"; };
		CE1E9E4E14F0C20F00AEF007 /* XFilePathHeader.m */ = {isa = PBXFileReference; fileEncoding = 4; lastKnownFileType = sourcecode.c.objc; path = XFilePathHeader.m; sourceTree = "<group>"; };
		CE1E9E4F14F0C20F00AEF007 /* XSegmentedControl.h */ = {isa = PBXFileReference; fileEncoding = 4; lastKnownFileType = sourcecode.c.h; path = XSegmentedControl.h; sourceTree = "<group>"; };
		CE1E9E5014F0C20F00AEF007 /* XSegmentedControl.m */ = {isa = PBXFileReference; fileEncoding = 4; lastKnownFileType = sourcecode.c.objc; path = XSegmentedControl.m; sourceTree = "<group>"; };
		CE1E9E6314F0C2DF00AEF007 /* en */ = {isa = PBXFileReference; lastKnownFileType = text.plist.strings; name = en; path = InfoPlist.strings; sourceTree = "<group>"; };
		CE1E9E6514F0C2DF00AEF007 /* en */ = {isa = PBXFileReference; lastKnownFileType = file.xib; name = en; path = ViewController.xib; sourceTree = "<group>"; };
		CE1E9F0214F0C31600AEF007 /* test_data */ = {isa = PBXFileReference; lastKnownFileType = folder; path = test_data; sourceTree = "<group>"; };
		CE1E9F0414F0C62B00AEF007 /* XProgressTextField.h */ = {isa = PBXFileReference; fileEncoding = 4; lastKnownFileType = sourcecode.c.h; path = XProgressTextField.h; sourceTree = "<group>"; };
		CE1E9F0514F0C62B00AEF007 /* XProgressTextField.m */ = {isa = PBXFileReference; fileEncoding = 4; lastKnownFileType = sourcecode.c.objc; path = XProgressTextField.m; sourceTree = "<group>"; };
		CE1E9FA614F0CC2400AEF007 /* UIWebDocumentView.h */ = {isa = PBXFileReference; fileEncoding = 4; lastKnownFileType = sourcecode.c.h; path = UIWebDocumentView.h; sourceTree = "<group>"; };
		CE1E9FA714F0CC2400AEF007 /* WAKResponder.h */ = {isa = PBXFileReference; fileEncoding = 4; lastKnownFileType = sourcecode.c.h; path = WAKResponder.h; sourceTree = "<group>"; };
		CE1E9FA814F0CC2400AEF007 /* WAKView.h */ = {isa = PBXFileReference; fileEncoding = 4; lastKnownFileType = sourcecode.c.h; path = WAKView.h; sourceTree = "<group>"; };
		CE1E9FA914F0CC2400AEF007 /* WebView.h */ = {isa = PBXFileReference; fileEncoding = 4; lastKnownFileType = sourcecode.c.h; path = WebView.h; sourceTree = "<group>"; };
/* End PBXFileReference section */

/* Begin PBXFrameworksBuildPhase section */
		CE1E9E1C14F0C1CC00AEF007 /* Frameworks */ = {
			isa = PBXFrameworksBuildPhase;
			buildActionMask = 2147483647;
			files = (
				CE1E9E2414F0C1CC00AEF007 /* UIKit.framework in Frameworks */,
				CE1E9E2614F0C1CC00AEF007 /* Foundation.framework in Frameworks */,
				CE1E9E2814F0C1CC00AEF007 /* CoreGraphics.framework in Frameworks */,
			);
			runOnlyForDeploymentPostprocessing = 0;
		};
/* End PBXFrameworksBuildPhase section */

/* Begin PBXGroup section */
		CE1E9E1414F0C1CC00AEF007 = {
			isa = PBXGroup;
			children = (
				CE1E9F0214F0C31600AEF007 /* test_data */,
				CE1E9E2914F0C1CC00AEF007 /* ios-controls */,
				CE1E9E2214F0C1CC00AEF007 /* Frameworks */,
				CE1E9E2014F0C1CC00AEF007 /* Products */,
			);
			sourceTree = "<group>";
		};
		CE1E9E2014F0C1CC00AEF007 /* Products */ = {
			isa = PBXGroup;
			children = (
				CE1E9E1F14F0C1CC00AEF007 /* ios-controls.app */,
			);
			name = Products;
			sourceTree = "<group>";
		};
		CE1E9E2214F0C1CC00AEF007 /* Frameworks */ = {
			isa = PBXGroup;
			children = (
				CE1E9E2314F0C1CC00AEF007 /* UIKit.framework */,
				CE1E9E2514F0C1CC00AEF007 /* Foundation.framework */,
				CE1E9E2714F0C1CC00AEF007 /* CoreGraphics.framework */,
			);
			name = Frameworks;
			sourceTree = "<group>";
		};
		CE1E9E2914F0C1CC00AEF007 /* ios-controls */ = {
			isa = PBXGroup;
			children = (
				CE1E9FA614F0CC2400AEF007 /* UIWebDocumentView.h */,
				CE1E9FA714F0CC2400AEF007 /* WAKResponder.h */,
				CE1E9FA814F0CC2400AEF007 /* WAKView.h */,
				CE1E9FA914F0CC2400AEF007 /* WebView.h */,
				CE1E9E6114F0C2DF00AEF007 /* en.lproj */,
				CE1E9E4014F0C20F00AEF007 /* AppDelegate.h */,
				CE1E9E4114F0C20F00AEF007 /* AppDelegate.m */,
				CE1E9E4314F0C20F00AEF007 /* CustomTableCell.h */,
				CE1E9E4414F0C20F00AEF007 /* CustomTableCell.m */,
				CE1E9E4614F0C20F00AEF007 /* file.png */,
				CE1E9E4714F0C20F00AEF007 /* files.png */,
				CE1E9E4814F0C20F00AEF007 /* folder.png */,
				CE1E9E4914F0C20F00AEF007 /* logs.png */,
				CE1E9E4A14F0C20F00AEF007 /* ViewController.h */,
				CE1E9E4B14F0C20F00AEF007 /* ViewController.m */,
				CE1E9E4C14F0C20F00AEF007 /* XFilePathHeader_icon.png */,
				CE1E9E4D14F0C20F00AEF007 /* XFilePathHeader.h */,
				CE1E9E4E14F0C20F00AEF007 /* XFilePathHeader.m */,
				CE1E9E4F14F0C20F00AEF007 /* XSegmentedControl.h */,
				CE1E9E5014F0C20F00AEF007 /* XSegmentedControl.m */,
				CE1E9E2A14F0C1CC00AEF007 /* Supporting Files */,
				CE1E9F0414F0C62B00AEF007 /* XProgressTextField.h */,
				CE1E9F0514F0C62B00AEF007 /* XProgressTextField.m */,
			);
			path = "ios-controls";
			sourceTree = "<group>";
		};
		CE1E9E2A14F0C1CC00AEF007 /* Supporting Files */ = {
			isa = PBXGroup;
			children = (
				CE1E9E2B14F0C1CC00AEF007 /* ios-controls-Info.plist */,
				CE1E9E2C14F0C1CC00AEF007 /* InfoPlist.strings */,
				CE1E9E2F14F0C1CC00AEF007 /* main.m */,
				CE1E9E3114F0C1CC00AEF007 /* ios-controls-Prefix.pch */,
			);
			name = "Supporting Files";
			sourceTree = "<group>";
		};
		CE1E9E6114F0C2DF00AEF007 /* en.lproj */ = {
			isa = PBXGroup;
			children = (
				CE1E9E6214F0C2DF00AEF007 /* InfoPlist.strings */,
				CE1E9E6414F0C2DF00AEF007 /* ViewController.xib */,
			);
			path = en.lproj;
			sourceTree = "<group>";
		};
/* End PBXGroup section */

/* Begin PBXNativeTarget section */
		CE1E9E1E14F0C1CC00AEF007 /* ios-controls */ = {
			isa = PBXNativeTarget;
			buildConfigurationList = CE1E9E3D14F0C1CC00AEF007 /* Build configuration list for PBXNativeTarget "ios-controls" */;
			buildPhases = (
				CE1E9E1B14F0C1CC00AEF007 /* Sources */,
				CE1E9E1C14F0C1CC00AEF007 /* Frameworks */,
				CE1E9E1D14F0C1CC00AEF007 /* Resources */,
			);
			buildRules = (
			);
			dependencies = (
			);
			name = "ios-controls";
			productName = "ios-controls";
			productReference = CE1E9E1F14F0C1CC00AEF007 /* ios-controls.app */;
			productType = "com.apple.product-type.application";
		};
/* End PBXNativeTarget section */

/* Begin PBXProject section */
		CE1E9E1614F0C1CC00AEF007 /* Project object */ = {
			isa = PBXProject;
			attributes = {
				LastUpgradeCheck = 0420;
			};
			buildConfigurationList = CE1E9E1914F0C1CC00AEF007 /* Build configuration list for PBXProject "ios-controls" */;
			compatibilityVersion = "Xcode 3.2";
			developmentRegion = English;
			hasScannedForEncodings = 0;
			knownRegions = (
				en,
			);
			mainGroup = CE1E9E1414F0C1CC00AEF007;
			productRefGroup = CE1E9E2014F0C1CC00AEF007 /* Products */;
			projectDirPath = "";
			projectRoot = "";
			targets = (
				CE1E9E1E14F0C1CC00AEF007 /* ios-controls */,
			);
		};
/* End PBXProject section */

/* Begin PBXResourcesBuildPhase section */
		CE1E9E1D14F0C1CC00AEF007 /* Resources */ = {
			isa = PBXResourcesBuildPhase;
			buildActionMask = 2147483647;
			files = (
				CE1E9E2E14F0C1CC00AEF007 /* InfoPlist.strings in Resources */,
				CE1E9E5514F0C20F00AEF007 /* file.png in Resources */,
				CE1E9E5614F0C20F00AEF007 /* files.png in Resources */,
				CE1E9E5714F0C20F00AEF007 /* folder.png in Resources */,
				CE1E9E5814F0C20F00AEF007 /* logs.png in Resources */,
				CE1E9E5A14F0C20F00AEF007 /* XFilePathHeader_icon.png in Resources */,
				CE1E9E6614F0C2DF00AEF007 /* InfoPlist.strings in Resources */,
				CE1E9E6714F0C2DF00AEF007 /* ViewController.xib in Resources */,
				CE1E9F0314F0C31600AEF007 /* test_data in Resources */,
			);
			runOnlyForDeploymentPostprocessing = 0;
		};
/* End PBXResourcesBuildPhase section */

/* Begin PBXSourcesBuildPhase section */
		CE1E9E1B14F0C1CC00AEF007 /* Sources */ = {
			isa = PBXSourcesBuildPhase;
			buildActionMask = 2147483647;
			files = (
				CE1E9E3014F0C1CC00AEF007 /* main.m in Sources */,
				CE1E9E5114F0C20F00AEF007 /* AppDelegate.m in Sources */,
				CE1E9E5314F0C20F00AEF007 /* CustomTableCell.m in Sources */,
				CE1E9E5914F0C20F00AEF007 /* ViewController.m in Sources */,
				CE1E9E5B14F0C20F00AEF007 /* XFilePathHeader.m in Sources */,
				CE1E9E5C14F0C20F00AEF007 /* XSegmentedControl.m in Sources */,
				CE1E9F0614F0C62B00AEF007 /* XProgressTextField.m in Sources */,
			);
			runOnlyForDeploymentPostprocessing = 0;
		};
/* End PBXSourcesBuildPhase section */

/* Begin PBXVariantGroup section */
		CE1E9E2C14F0C1CC00AEF007 /* InfoPlist.strings */ = {
			isa = PBXVariantGroup;
			children = (
				CE1E9E2D14F0C1CC00AEF007 /* en */,
			);
			name = InfoPlist.strings;
			sourceTree = "<group>";
		};
		CE1E9E6214F0C2DF00AEF007 /* InfoPlist.strings */ = {
			isa = PBXVariantGroup;
			children = (
				CE1E9E6314F0C2DF00AEF007 /* en */,
			);
			name = InfoPlist.strings;
			sourceTree = "<group>";
		};
		CE1E9E6414F0C2DF00AEF007 /* ViewController.xib */ = {
			isa = PBXVariantGroup;
			children = (
				CE1E9E6514F0C2DF00AEF007 /* en */,
			);
			name = ViewController.xib;
			sourceTree = "<group>";
		};
/* End PBXVariantGroup section */

/* Begin XCBuildConfiguration section */
		CE1E9E3B14F0C1CC00AEF007 /* Debug */ = {
			isa = XCBuildConfiguration;
			buildSettings = {
				ALWAYS_SEARCH_USER_PATHS = NO;
				ARCHS = "$(ARCHS_STANDARD_32_BIT)";
				"CODE_SIGN_IDENTITY[sdk=iphoneos*]" = "iPhone Developer";
				COPY_PHASE_STRIP = NO;
				GCC_C_LANGUAGE_STANDARD = gnu99;
				GCC_DYNAMIC_NO_PIC = NO;
				GCC_OPTIMIZATION_LEVEL = 0;
				GCC_PREPROCESSOR_DEFINITIONS = (
					"DEBUG=1",
					"$(inherited)",
				);
				GCC_SYMBOLS_PRIVATE_EXTERN = NO;
				GCC_VERSION = com.apple.compilers.llvm.clang.1_0;
				GCC_WARN_ABOUT_MISSING_PROTOTYPES = YES;
				GCC_WARN_ABOUT_RETURN_TYPE = YES;
				GCC_WARN_UNUSED_VARIABLE = YES;
				IPHONEOS_DEPLOYMENT_TARGET = 5.0;
				SDKROOT = iphoneos;
			};
			name = Debug;
		};
		CE1E9E3C14F0C1CC00AEF007 /* Release */ = {
			isa = XCBuildConfiguration;
			buildSettings = {
				ALWAYS_SEARCH_USER_PATHS = NO;
				ARCHS = "$(ARCHS_STANDARD_32_BIT)";
				"CODE_SIGN_IDENTITY[sdk=iphoneos*]" = "iPhone Developer";
				COPY_PHASE_STRIP = YES;
				GCC_C_LANGUAGE_STANDARD = gnu99;
				GCC_VERSION = com.apple.compilers.llvm.clang.1_0;
				GCC_WARN_ABOUT_MISSING_PROTOTYPES = YES;
				GCC_WARN_ABOUT_RETURN_TYPE = YES;
				GCC_WARN_UNUSED_VARIABLE = YES;
				IPHONEOS_DEPLOYMENT_TARGET = 5.0;
				OTHER_CFLAGS = "-DNS_BLOCK_ASSERTIONS=1";
				SDKROOT = iphoneos;
				VALIDATE_PRODUCT = YES;
			};
			name = Release;
		};
		CE1E9E3E14F0C1CC00AEF007 /* Debug */ = {
			isa = XCBuildConfiguration;
			buildSettings = {
				GCC_PRECOMPILE_PREFIX_HEADER = YES;
				GCC_PREFIX_HEADER = "ios-controls/ios-controls-Prefix.pch";
				INFOPLIST_FILE = "ios-controls/ios-controls-Info.plist";
				PRODUCT_NAME = "$(TARGET_NAME)";
				WRAPPER_EXTENSION = app;
			};
			name = Debug;
		};
		CE1E9E3F14F0C1CC00AEF007 /* Release */ = {
			isa = XCBuildConfiguration;
			buildSettings = {
				GCC_PRECOMPILE_PREFIX_HEADER = YES;
				GCC_PREFIX_HEADER = "ios-controls/ios-controls-Prefix.pch";
				INFOPLIST_FILE = "ios-controls/ios-controls-Info.plist";
				PRODUCT_NAME = "$(TARGET_NAME)";
				WRAPPER_EXTENSION = app;
			};
			name = Release;
		};
/* End XCBuildConfiguration section */

/* Begin XCConfigurationList section */
		CE1E9E1914F0C1CC00AEF007 /* Build configuration list for PBXProject "ios-controls" */ = {
			isa = XCConfigurationList;
			buildConfigurations = (
				CE1E9E3B14F0C1CC00AEF007 /* Debug */,
				CE1E9E3C14F0C1CC00AEF007 /* Release */,
			);
			defaultConfigurationIsVisible = 0;
			defaultConfigurationName = Release;
		};
		CE1E9E3D14F0C1CC00AEF007 /* Build configuration list for PBXNativeTarget "ios-controls" */ = {
			isa = XCConfigurationList;
			buildConfigurations = (
				CE1E9E3E14F0C1CC00AEF007 /* Debug */,
				CE1E9E3F14F0C1CC00AEF007 /* Release */,
			);
			defaultConfigurationIsVisible = 0;
		};
/* End XCConfigurationList section */
	};
	rootObject = CE1E9E1614F0C1CC00AEF007 /* Project object */;
}
